{
  "name": "Air-Quality-Index-Prediction-using-Python-master",
  "lockfileVersion": 3,
  "requires": true,
  "packages": {
    "": {
      "dependencies": {
        "react-native-textinput-effects": "^0.6.3"
      }
    },
    "node_modules/@types/prop-types": {
      "version": "15.7.5",
      "resolved": "https://registry.npmjs.org/@types/prop-types/-/prop-types-15.7.5.tgz",
      "integrity": "sha512-JCB8C6SnDoQf0cNycqd/35A7MjcnK+ZTqE7judS6o7utxUCg6imJg3QK2qzHKszlTjcj2cn+NwMB2i96ubpj7w=="
    },
    "node_modules/@types/react": {
      "version": "18.2.0",
      "resolved": "https://registry.npmjs.org/@types/react/-/react-18.2.0.tgz",
      "integrity": "sha512-0FLj93y5USLHdnhIhABk83rm8XEGA7kH3cr+YUlvxoUGp1xNt/DINUMvqPxLyOQMzLmZe8i4RTHbvb8MC7NmrA==",
      "dependencies": {
        "@types/prop-types": "*",
        "@types/scheduler": "*",
        "csstype": "^3.0.2"
      }
    },
    "node_modules/@types/react-native": {
      "version": "0.70.13",
      "resolved": "https://registry.npmjs.org/@types/react-native/-/react-native-0.70.13.tgz",
      "integrity": "sha512-VnC/ny8Eynk3fvY4cnNKXpo/0zUhA2gO64RX51yzVofblOP6TR6jciga0kIjI4c+2eUyWNGrahmiolNm+QU6Cw==",
      "dependencies": {
        "@types/react": "*"
      }
    },
    "node_modules/@types/react-native-vector-icons": {
      "version": "6.4.13",
      "resolved": "https://registry.npmjs.org/@types/react-native-vector-icons/-/react-native-vector-icons-6.4.13.tgz",
      "integrity": "sha512-1PqFoKuXTSzMHwGMAr+REdYJBQAbe9xrww3ecZR0FsHcD1K+vGS/rxuAriL4rsI6+p69sZQjDzpEVAbDQcjSwA==",
      "dependencies": {
        "@types/react": "*",
        "@types/react-native": "^0.70"
      }
    },
    "node_modules/@types/scheduler": {
      "version": "0.16.3",
      "resolved": "https://registry.npmjs.org/@types/scheduler/-/scheduler-0.16.3.tgz",
      "integrity": "sha512-5cJ8CB4yAx7BH1oMvdU0Jh9lrEXyPkar6F9G/ERswkCuvP4KQZfZkSjcMbAICCpQTN4OuZn8tz0HiKv9TGZgrQ=="
    },
    "node_modules/csstype": {
      "version": "3.1.2",
      "resolved": "https://registry.npmjs.org/csstype/-/csstype-3.1.2.tgz",
      "integrity": "sha512-I7K1Uu0MBPzaFKg4nI5Q7Vs2t+3gWWW648spaF+Rg7pI9ds18Ugn+lvg4SHczUdKlHI5LWBXyqfS8+DufyBsgQ=="
    },
    "node_modules/react-native-textinput-effects": {
      "version": "0.6.3",
      "resolved": "https://registry.npmjs.org/react-native-textinput-effects/-/react-native-textinput-effects-0.6.3.tgz",
      "integrity": "sha512-WGLKR0cshSRTS2+65WFfHmU26UHKoNQQzqe1H1agUSiO3WUJvKTLGZu6DMrwLko90tjuWt2RQsXINs6iFFe2mg==",
      "dependencies": {
        "@types/react-native-vector-icons": "^6.4.5"
      }
    }
  }
}
